// !$*UTF8*$!
{
	archiveVersion = 1;
	classes = {
	};
	objectVersion = 46;
	objects = {

/* Begin PBXBuildFile section */
		2E095B1417AEBB1200ECE160 /* UIKit.framework in Frameworks */ = {isa = PBXBuildFile; fileRef = 2E095B1317AEBB1200ECE160 /* UIKit.framework */; };
		2E095B1617AEBB1200ECE160 /* Foundation.framework in Frameworks */ = {isa = PBXBuildFile; fileRef = 2E095B1517AEBB1200ECE160 /* Foundation.framework */; };
		2E1BC8F017C57C4700836A7E /* FICImageCache.m in Sources */ = {isa = PBXBuildFile; fileRef = 2E1BC8E417C57C4700836A7E /* FICImageCache.m */; };
		2E1BC8F117C57C4700836A7E /* FICImageFormat.m in Sources */ = {isa = PBXBuildFile; fileRef = 2E1BC8E617C57C4700836A7E /* FICImageFormat.m */; };
		2E1BC8F217C57C4700836A7E /* FICImageTable.m in Sources */ = {isa = PBXBuildFile; fileRef = 2E1BC8E817C57C4700836A7E /* FICImageTable.m */; };
		2E1BC8F317C57C4700836A7E /* FICImageTableChunk.m in Sources */ = {isa = PBXBuildFile; fileRef = 2E1BC8EA17C57C4700836A7E /* FICImageTableChunk.m */; };
		2E1BC8F417C57C4700836A7E /* FICImageTableEntry.m in Sources */ = {isa = PBXBuildFile; fileRef = 2E1BC8EC17C57C4700836A7E /* FICImageTableEntry.m */; };
		2E1BC8FE17C57CDF00836A7E /* FICDAppDelegate.m in Sources */ = {isa = PBXBuildFile; fileRef = 2E1BC8F717C57CD300836A7E /* FICDAppDelegate.m */; };
		2E1BC8FF17C57CDF00836A7E /* FICDPhoto.m in Sources */ = {isa = PBXBuildFile; fileRef = 2E1BC8F917C57CD300836A7E /* FICDPhoto.m */; };
		2E1BC90017C57CDF00836A7E /* FICDPhotosTableViewCell.m in Sources */ = {isa = PBXBuildFile; fileRef = 2E1BC8FB17C57CD300836A7E /* FICDPhotosTableViewCell.m */; };
		2E1BC90117C57CDF00836A7E /* FICDViewController.m in Sources */ = {isa = PBXBuildFile; fileRef = 2E1BC8FD17C57CD300836A7E /* FICDViewController.m */; };
		2E64541017FF24C0001D0531 /* FICDTableView.m in Sources */ = {isa = PBXBuildFile; fileRef = 2E64540F17FF24C0001D0531 /* FICDTableView.m */; };
		2EA7994417B2A10200684B86 /* main.m in Sources */ = {isa = PBXBuildFile; fileRef = 2EA7993F17B2A10200684B86 /* main.m */; };
		EB171332181F089F00EB0E24 /* CoreImage.framework in Frameworks */ = {isa = PBXBuildFile; fileRef = EB171331181F089F00EB0E24 /* CoreImage.framework */; };
		EB642D8017DCB1750013D644 /* FICDFullscreenPhotoDisplayController.m in Sources */ = {isa = PBXBuildFile; fileRef = EB642D7F17DCB1750013D644 /* FICDFullscreenPhotoDisplayController.m */; };
		EB6BD53818079DAB00D762CE /* CoreGraphics.framework in Frameworks */ = {isa = PBXBuildFile; fileRef = EB6BD53718079DAB00D762CE /* CoreGraphics.framework */; };
		EB6BD53A18079EA800D762CE /* FICUtilities.m in Sources */ = {isa = PBXBuildFile; fileRef = 2E1BC8EE17C57C4700836A7E /* FICUtilities.m */; };
		EBB922BD17DA8E6A00211050 /* QuartzCore.framework in Frameworks */ = {isa = PBXBuildFile; fileRef = EBB922BC17DA8E6A00211050 /* QuartzCore.framework */; };
		EBB922BF17DC08E900211050 /* Demo Images in Resources */ = {isa = PBXBuildFile; fileRef = EBB922BE17DC08E900211050 /* Demo Images */; };
		EBC8A5F217FF6DEF007FECD4 /* Assets.xcassets in Resources */ = {isa = PBXBuildFile; fileRef = EBC8A5F117FF6DEF007FECD4 /* Assets.xcassets */; };
/* End PBXBuildFile section */

/* Begin PBXFileReference section */
		2E095B1017AEBB1200ECE160 /* FastImageCacheDemo.app */ = {isa = PBXFileReference; explicitFileType = wrapper.application; includeInIndex = 0; path = FastImageCacheDemo.app; sourceTree = BUILT_PRODUCTS_DIR; };
		2E095B1317AEBB1200ECE160 /* UIKit.framework */ = {isa = PBXFileReference; lastKnownFileType = wrapper.framework; name = UIKit.framework; path = System/Library/Frameworks/UIKit.framework; sourceTree = SDKROOT; };
		2E095B1517AEBB1200ECE160 /* Foundation.framework */ = {isa = PBXFileReference; lastKnownFileType = wrapper.framework; name = Foundation.framework; path = System/Library/Frameworks/Foundation.framework; sourceTree = SDKROOT; };
		2E1BC8E317C57C4700836A7E /* FICImageCache.h */ = {isa = PBXFileReference; fileEncoding = 4; lastKnownFileType = sourcecode.c.h; path = FICImageCache.h; sourceTree = "<group>"; };
		2E1BC8E417C57C4700836A7E /* FICImageCache.m */ = {isa = PBXFileReference; fileEncoding = 4; lastKnownFileType = sourcecode.c.objc; path = FICImageCache.m; sourceTree = "<group>"; };
		2E1BC8E517C57C4700836A7E /* FICImageFormat.h */ = {isa = PBXFileReference; fileEncoding = 4; lastKnownFileType = sourcecode.c.h; path = FICImageFormat.h; sourceTree = "<group>"; };
		2E1BC8E617C57C4700836A7E /* FICImageFormat.m */ = {isa = PBXFileReference; fileEncoding = 4; lastKnownFileType = sourcecode.c.objc; path = FICImageFormat.m; sourceTree = "<group>"; };
		2E1BC8E717C57C4700836A7E /* FICImageTable.h */ = {isa = PBXFileReference; fileEncoding = 4; lastKnownFileType = sourcecode.c.h; path = FICImageTable.h; sourceTree = "<group>"; };
		2E1BC8E817C57C4700836A7E /* FICImageTable.m */ = {isa = PBXFileReference; fileEncoding = 4; lastKnownFileType = sourcecode.c.objc; path = FICImageTable.m; sourceTree = "<group>"; };
		2E1BC8E917C57C4700836A7E /* FICImageTableChunk.h */ = {isa = PBXFileReference; fileEncoding = 4; lastKnownFileType = sourcecode.c.h; path = FICImageTableChunk.h; sourceTree = "<group>"; };
		2E1BC8EA17C57C4700836A7E /* FICImageTableChunk.m */ = {isa = PBXFileReference; fileEncoding = 4; lastKnownFileType = sourcecode.c.objc; path = FICImageTableChunk.m; sourceTree = "<group>"; };
		2E1BC8EB17C57C4700836A7E /* FICImageTableEntry.h */ = {isa = PBXFileReference; fileEncoding = 4; lastKnownFileType = sourcecode.c.h; path = FICImageTableEntry.h; sourceTree = "<group>"; };
		2E1BC8EC17C57C4700836A7E /* FICImageTableEntry.m */ = {isa = PBXFileReference; fileEncoding = 4; lastKnownFileType = sourcecode.c.objc; path = FICImageTableEntry.m; sourceTree = "<group>"; };
		2E1BC8ED17C57C4700836A7E /* FICUtilities.h */ = {isa = PBXFileReference; fileEncoding = 4; lastKnownFileType = sourcecode.c.h; path = FICUtilities.h; sourceTree = "<group>"; };
		2E1BC8EE17C57C4700836A7E /* FICUtilities.m */ = {isa = PBXFileReference; fileEncoding = 4; lastKnownFileType = sourcecode.c.objc; path = FICUtilities.m; sourceTree = "<group>"; };
		2E1BC8F617C57CD300836A7E /* FICDAppDelegate.h */ = {isa = PBXFileReference; lastKnownFileType = sourcecode.c.h; path = FICDAppDelegate.h; sourceTree = "<group>"; };
		2E1BC8F717C57CD300836A7E /* FICDAppDelegate.m */ = {isa = PBXFileReference; lastKnownFileType = sourcecode.c.objc; path = FICDAppDelegate.m; sourceTree = "<group>"; };
		2E1BC8F817C57CD300836A7E /* FICDPhoto.h */ = {isa = PBXFileReference; lastKnownFileType = sourcecode.c.h; path = FICDPhoto.h; sourceTree = "<group>"; };
		2E1BC8F917C57CD300836A7E /* FICDPhoto.m */ = {isa = PBXFileReference; lastKnownFileType = sourcecode.c.objc; path = FICDPhoto.m; sourceTree = "<group>"; };
		2E1BC8FA17C57CD300836A7E /* FICDPhotosTableViewCell.h */ = {isa = PBXFileReference; lastKnownFileType = sourcecode.c.h; path = FICDPhotosTableViewCell.h; sourceTree = "<group>"; };
		2E1BC8FB17C57CD300836A7E /* FICDPhotosTableViewCell.m */ = {isa = PBXFileReference; lastKnownFileType = sourcecode.c.objc; path = FICDPhotosTableViewCell.m; sourceTree = "<group>"; };
		2E1BC8FC17C57CD300836A7E /* FICDViewController.h */ = {isa = PBXFileReference; lastKnownFileType = sourcecode.c.h; path = FICDViewController.h; sourceTree = "<group>"; };
		2E1BC8FD17C57CD300836A7E /* FICDViewController.m */ = {isa = PBXFileReference; lastKnownFileType = sourcecode.c.objc; path = FICDViewController.m; sourceTree = "<group>"; };
		2E64540E17FF24C0001D0531 /* FICDTableView.h */ = {isa = PBXFileReference; fileEncoding = 4; lastKnownFileType = sourcecode.c.h; path = FICDTableView.h; sourceTree = "<group>"; };
		2E64540F17FF24C0001D0531 /* FICDTableView.m */ = {isa = PBXFileReference; fileEncoding = 4; lastKnownFileType = sourcecode.c.objc; path = FICDTableView.m; sourceTree = "<group>"; };
		2EA7993F17B2A10200684B86 /* main.m */ = {isa = PBXFileReference; fileEncoding = 4; lastKnownFileType = sourcecode.c.objc; path = main.m; sourceTree = "<group>"; };
		EB171331181F089F00EB0E24 /* CoreImage.framework */ = {isa = PBXFileReference; lastKnownFileType = wrapper.framework; name = CoreImage.framework; path = System/Library/Frameworks/CoreImage.framework; sourceTree = SDKROOT; };
		EB642D3717DC9C690013D644 /* FastImageCacheDemo-Info.plist */ = {isa = PBXFileReference; fileEncoding = 4; lastKnownFileType = text.plist.xml; path = "FastImageCacheDemo-Info.plist"; sourceTree = "<group>"; };
		EB642D7E17DCB1750013D644 /* FICDFullscreenPhotoDisplayController.h */ = {isa = PBXFileReference; fileEncoding = 4; lastKnownFileType = sourcecode.c.h; path = FICDFullscreenPhotoDisplayController.h; sourceTree = "<group>"; };
		EB642D7F17DCB1750013D644 /* FICDFullscreenPhotoDisplayController.m */ = {isa = PBXFileReference; fileEncoding = 4; lastKnownFileType = sourcecode.c.objc; path = FICDFullscreenPhotoDisplayController.m; sourceTree = "<group>"; };
		EB6BD53718079DAB00D762CE /* CoreGraphics.framework */ = {isa = PBXFileReference; lastKnownFileType = wrapper.framework; name = CoreGraphics.framework; path = System/Library/Frameworks/CoreGraphics.framework; sourceTree = SDKROOT; };
		EB6BD53918079E2D00D762CE /* FICImports.h */ = {isa = PBXFileReference; lastKnownFileType = sourcecode.c.h; path = FICImports.h; sourceTree = "<group>"; };
		EBB922BA17D8EC7F00211050 /* FastImageCacheDemo-Prefix.pch */ = {isa = PBXFileReference; lastKnownFileType = sourcecode.c.h; path = "FastImageCacheDemo-Prefix.pch"; sourceTree = "<group>"; };
		EBB922BC17DA8E6A00211050 /* QuartzCore.framework */ = {isa = PBXFileReference; lastKnownFileType = wrapper.framework; name = QuartzCore.framework; path = System/Library/Frameworks/QuartzCore.framework; sourceTree = SDKROOT; };
		EBB922BE17DC08E900211050 /* Demo Images */ = {isa = PBXFileReference; lastKnownFileType = folder; path = "Demo Images"; sourceTree = "<group>"; };
		EBC8A5F117FF6DEF007FECD4 /* Assets.xcassets */ = {isa = PBXFileReference; lastKnownFileType = folder.assetcatalog; path = Assets.xcassets; sourceTree = "<group>"; };
		EBC8A63718036430007FECD4 /* FICEntity.h */ = {isa = PBXFileReference; lastKnownFileType = sourcecode.c.h; path = FICEntity.h; sourceTree = "<group>"; };
		EBC8A6381804B63A007FECD4 /* FICImageCache+FICErrorLogging.h */ = {isa = PBXFileReference; fileEncoding = 4; lastKnownFileType = sourcecode.c.h; path = "FICImageCache+FICErrorLogging.h"; sourceTree = "<group>"; };
/* End PBXFileReference section */

/* Begin PBXFrameworksBuildPhase section */
		2E095B0D17AEBB1200ECE160 /* Frameworks */ = {
			isa = PBXFrameworksBuildPhase;
			buildActionMask = 2147483647;
			files = (
				EB6BD53818079DAB00D762CE /* CoreGraphics.framework in Frameworks */,
				EB171332181F089F00EB0E24 /* CoreImage.framework in Frameworks */,
				EBB922BD17DA8E6A00211050 /* QuartzCore.framework in Frameworks */,
				2E095B1417AEBB1200ECE160 /* UIKit.framework in Frameworks */,
				2E095B1617AEBB1200ECE160 /* Foundation.framework in Frameworks */,
			);
			runOnlyForDeploymentPostprocessing = 0;
		};
/* End PBXFrameworksBuildPhase section */

/* Begin PBXGroup section */
		2E095B0717AEBB1200ECE160 = {
			isa = PBXGroup;
			children = (
				2E1BC8E017C57C4700836A7E /* FastImageCache */,
				2EA7993A17B2A0CF00684B86 /* Demo App */,
				2E095B1217AEBB1200ECE160 /* Frameworks */,
				2E095B1117AEBB1200ECE160 /* Products */,
			);
			sourceTree = "<group>";
		};
		2E095B1117AEBB1200ECE160 /* Products */ = {
			isa = PBXGroup;
			children = (
				2E095B1017AEBB1200ECE160 /* FastImageCacheDemo.app */,
			);
			name = Products;
			sourceTree = "<group>";
		};
		2E095B1217AEBB1200ECE160 /* Frameworks */ = {
			isa = PBXGroup;
			children = (
				EB6BD53718079DAB00D762CE /* CoreGraphics.framework */,
				EB171331181F089F00EB0E24 /* CoreImage.framework */,
				2E095B1517AEBB1200ECE160 /* Foundation.framework */,
				EBB922BC17DA8E6A00211050 /* QuartzCore.framework */,
				2E095B1317AEBB1200ECE160 /* UIKit.framework */,
			);
			name = Frameworks;
			sourceTree = "<group>";
		};
		2E095B1A17AEBB1200ECE160 /* Supporting Files */ = {
			isa = PBXGroup;
			children = (
				EBC8A5F117FF6DEF007FECD4 /* Assets.xcassets */,
				2EA7993F17B2A10200684B86 /* main.m */,
				EBB922BA17D8EC7F00211050 /* FastImageCacheDemo-Prefix.pch */,
				EB642D3717DC9C690013D644 /* FastImageCacheDemo-Info.plist */,
			);
			path = "Supporting Files";
			sourceTree = "<group>";
		};
		2E1BC8E017C57C4700836A7E /* FastImageCache */ = {
			isa = PBXGroup;
			children = (
				EBC8A63718036430007FECD4 /* FICEntity.h */,
				EBC8A6381804B63A007FECD4 /* FICImageCache+FICErrorLogging.h */,
				2E1BC8E317C57C4700836A7E /* FICImageCache.h */,
				2E1BC8E417C57C4700836A7E /* FICImageCache.m */,
				2E1BC8E517C57C4700836A7E /* FICImageFormat.h */,
				2E1BC8E617C57C4700836A7E /* FICImageFormat.m */,
				2E1BC8E717C57C4700836A7E /* FICImageTable.h */,
				2E1BC8E817C57C4700836A7E /* FICImageTable.m */,
				2E1BC8E917C57C4700836A7E /* FICImageTableChunk.h */,
				2E1BC8EA17C57C4700836A7E /* FICImageTableChunk.m */,
				2E1BC8EB17C57C4700836A7E /* FICImageTableEntry.h */,
				2E1BC8EC17C57C4700836A7E /* FICImageTableEntry.m */,
				EB6BD53918079E2D00D762CE /* FICImports.h */,
				2E1BC8ED17C57C4700836A7E /* FICUtilities.h */,
				2E1BC8EE17C57C4700836A7E /* FICUtilities.m */,
			);
			name = FastImageCache;
			path = ../FastImageCache;
			sourceTree = "<group>";
		};
		2EA7993A17B2A0CF00684B86 /* Demo App */ = {
			isa = PBXGroup;
			children = (
				EB642D3917DC9D970013D644 /* Classes */,
				EBB922BE17DC08E900211050 /* Demo Images */,
				2E095B1A17AEBB1200ECE160 /* Supporting Files */,
			);
			name = "Demo App";
			sourceTree = "<group>";
		};
		EB642D3917DC9D970013D644 /* Classes */ = {
			isa = PBXGroup;
			children = (
				2E1BC8F617C57CD300836A7E /* FICDAppDelegate.h */,
				2E1BC8F717C57CD300836A7E /* FICDAppDelegate.m */,
				EB642D7E17DCB1750013D644 /* FICDFullscreenPhotoDisplayController.h */,
				EB642D7F17DCB1750013D644 /* FICDFullscreenPhotoDisplayController.m */,
				2E1BC8F817C57CD300836A7E /* FICDPhoto.h */,
				2E1BC8F917C57CD300836A7E /* FICDPhoto.m */,
				2E1BC8FA17C57CD300836A7E /* FICDPhotosTableViewCell.h */,
				2E1BC8FB17C57CD300836A7E /* FICDPhotosTableViewCell.m */,
				2E64540E17FF24C0001D0531 /* FICDTableView.h */,
				2E64540F17FF24C0001D0531 /* FICDTableView.m */,
				2E1BC8FC17C57CD300836A7E /* FICDViewController.h */,
				2E1BC8FD17C57CD300836A7E /* FICDViewController.m */,
			);
			path = Classes;
			sourceTree = "<group>";
		};
/* End PBXGroup section */

/* Begin PBXNativeTarget section */
		2E095B0F17AEBB1200ECE160 /* FastImageCacheDemo */ = {
			isa = PBXNativeTarget;
			buildConfigurationList = 2E095B3617AEBB1200ECE160 /* Build configuration list for PBXNativeTarget "FastImageCacheDemo" */;
			buildPhases = (
				2E095B0C17AEBB1200ECE160 /* Sources */,
				2E095B0D17AEBB1200ECE160 /* Frameworks */,
				2E095B0E17AEBB1200ECE160 /* Resources */,
			);
			buildRules = (
			);
			dependencies = (
			);
			name = FastImageCacheDemo;
			productName = "Image Cache";
			productReference = 2E095B1017AEBB1200ECE160 /* FastImageCacheDemo.app */;
			productType = "com.apple.product-type.application";
		};
/* End PBXNativeTarget section */

/* Begin PBXProject section */
		2E095B0817AEBB1200ECE160 /* Project object */ = {
			isa = PBXProject;
			attributes = {
				CLASSPREFIX = PT;
				LastUpgradeCheck = 0460;
				ORGANIZATIONNAME = Path;
			};
			buildConfigurationList = 2E095B0B17AEBB1200ECE160 /* Build configuration list for PBXProject "FastImageCacheDemo" */;
			compatibilityVersion = "Xcode 3.2";
			developmentRegion = English;
			hasScannedForEncodings = 0;
			knownRegions = (
				en,
			);
			mainGroup = 2E095B0717AEBB1200ECE160;
			productRefGroup = 2E095B1117AEBB1200ECE160 /* Products */;
			projectDirPath = "";
			projectRoot = "";
			targets = (
				2E095B0F17AEBB1200ECE160 /* FastImageCacheDemo */,
			);
		};
/* End PBXProject section */

/* Begin PBXResourcesBuildPhase section */
		2E095B0E17AEBB1200ECE160 /* Resources */ = {
			isa = PBXResourcesBuildPhase;
			buildActionMask = 2147483647;
			files = (
				EBB922BF17DC08E900211050 /* Demo Images in Resources */,
				EBC8A5F217FF6DEF007FECD4 /* Assets.xcassets in Resources */,
			);
			runOnlyForDeploymentPostprocessing = 0;
		};
/* End PBXResourcesBuildPhase section */

/* Begin PBXSourcesBuildPhase section */
		2E095B0C17AEBB1200ECE160 /* Sources */ = {
			isa = PBXSourcesBuildPhase;
			buildActionMask = 2147483647;
			files = (
				2EA7994417B2A10200684B86 /* main.m in Sources */,
				2E1BC8F017C57C4700836A7E /* FICImageCache.m in Sources */,
				2E1BC8F117C57C4700836A7E /* FICImageFormat.m in Sources */,
				2E1BC8F217C57C4700836A7E /* FICImageTable.m in Sources */,
				EB642D8017DCB1750013D644 /* FICDFullscreenPhotoDisplayController.m in Sources */,
				EB6BD53A18079EA800D762CE /* FICUtilities.m in Sources */,
				2E1BC8F317C57C4700836A7E /* FICImageTableChunk.m in Sources */,
				2E1BC8F417C57C4700836A7E /* FICImageTableEntry.m in Sources */,
				2E64541017FF24C0001D0531 /* FICDTableView.m in Sources */,
				2E1BC8FE17C57CDF00836A7E /* FICDAppDelegate.m in Sources */,
				2E1BC8FF17C57CDF00836A7E /* FICDPhoto.m in Sources */,
				2E1BC90017C57CDF00836A7E /* FICDPhotosTableViewCell.m in Sources */,
				2E1BC90117C57CDF00836A7E /* FICDViewController.m in Sources */,
			);
			runOnlyForDeploymentPostprocessing = 0;
		};
/* End PBXSourcesBuildPhase section */

/* Begin XCBuildConfiguration section */
		2E095B3417AEBB1200ECE160 /* Debug */ = {
			isa = XCBuildConfiguration;
			buildSettings = {
				ALWAYS_SEARCH_USER_PATHS = NO;
				CLANG_CXX_LANGUAGE_STANDARD = "gnu++0x";
				CLANG_CXX_LIBRARY = "libc++";
				CLANG_ENABLE_MODULES = NO;
				CLANG_ENABLE_OBJC_ARC = YES;
				CLANG_WARN_CONSTANT_CONVERSION = YES;
				CLANG_WARN_EMPTY_BODY = YES;
				CLANG_WARN_ENUM_CONVERSION = YES;
				CLANG_WARN_INT_CONVERSION = YES;
				CLANG_WARN__DUPLICATE_METHOD_MATCH = YES;
				"CODE_SIGN_IDENTITY[sdk=iphoneos*]" = "iPhone Developer";
				COPY_PHASE_STRIP = NO;
				GCC_C_LANGUAGE_STANDARD = gnu99;
				GCC_DYNAMIC_NO_PIC = NO;
				GCC_OPTIMIZATION_LEVEL = fast;
				GCC_PREPROCESSOR_DEFINITIONS = (
					"DEBUG=1",
					"$(inherited)",
				);
				GCC_SYMBOLS_PRIVATE_EXTERN = NO;
				GCC_WARN_ABOUT_RETURN_TYPE = YES;
				GCC_WARN_UNINITIALIZED_AUTOS = YES;
				GCC_WARN_UNUSED_VARIABLE = YES;
				IPHONEOS_DEPLOYMENT_TARGET = 6.1;
				ONLY_ACTIVE_ARCH = YES;
				SDKROOT = iphoneos;
				TARGETED_DEVICE_FAMILY = "1,2";
			};
			name = Debug;
		};
		2E095B3517AEBB1200ECE160 /* Release */ = {
			isa = XCBuildConfiguration;
			buildSettings = {
				ALWAYS_SEARCH_USER_PATHS = NO;
				CLANG_CXX_LANGUAGE_STANDARD = "gnu++0x";
				CLANG_CXX_LIBRARY = "libc++";
				CLANG_ENABLE_MODULES = NO;
				CLANG_ENABLE_OBJC_ARC = YES;
				CLANG_WARN_CONSTANT_CONVERSION = YES;
				CLANG_WARN_EMPTY_BODY = YES;
				CLANG_WARN_ENUM_CONVERSION = YES;
				CLANG_WARN_INT_CONVERSION = YES;
				CLANG_WARN__DUPLICATE_METHOD_MATCH = YES;
				"CODE_SIGN_IDENTITY[sdk=iphoneos*]" = "iPhone Developer";
				COPY_PHASE_STRIP = YES;
				GCC_C_LANGUAGE_STANDARD = gnu99;
				GCC_WARN_ABOUT_RETURN_TYPE = YES;
				GCC_WARN_UNINITIALIZED_AUTOS = YES;
				GCC_WARN_UNUSED_VARIABLE = YES;
				IPHONEOS_DEPLOYMENT_TARGET = 6.1;
				OTHER_CFLAGS = "-DNS_BLOCK_ASSERTIONS=1";
				SDKROOT = iphoneos;
				TARGETED_DEVICE_FAMILY = "1,2";
				VALIDATE_PRODUCT = YES;
			};
			name = Release;
		};
		2E095B3717AEBB1200ECE160 /* Debug */ = {
			isa = XCBuildConfiguration;
			buildSettings = {
				ASSETCATALOG_COMPILER_APPICON_NAME = Icon;
				ASSETCATALOG_COMPILER_LAUNCHIMAGE_NAME = "Launch Image";
				"CODE_SIGN_IDENTITY[sdk=iphonesimulator*]" = "";
				GCC_OPTIMIZATION_LEVEL = 0;
				GCC_PRECOMPILE_PREFIX_HEADER = YES;
				GCC_PREFIX_HEADER = "Supporting Files/FastImageCacheDemo-Prefix.pch";
				INFOPLIST_FILE = "$(SRCROOT)/Supporting Files/FastImageCacheDemo-Info.plist";
				IPHONEOS_DEPLOYMENT_TARGET = 6.0;
				PRODUCT_NAME = FastImageCacheDemo;
				WRAPPER_EXTENSION = app;
			};
			name = Debug;
		};
		2E095B3817AEBB1200ECE160 /* Release */ = {
			isa = XCBuildConfiguration;
			buildSettings = {
				ASSETCATALOG_COMPILER_APPICON_NAME = Icon;
				ASSETCATALOG_COMPILER_LAUNCHIMAGE_NAME = "Launch Image";
				"CODE_SIGN_IDENTITY[sdk=iphonesimulator*]" = "";
				GCC_PRECOMPILE_PREFIX_HEADER = YES;
				GCC_PREFIX_HEADER = "Supporting Files/FastImageCacheDemo-Prefix.pch";
				INFOPLIST_FILE = "$(SRCROOT)/Supporting Files/FastImageCacheDemo-Info.plist";
				IPHONEOS_DEPLOYMENT_TARGET = 6.0;
				PRODUCT_NAME = FastImageCacheDemo;
				WRAPPER_EXTENSION = app;
			};
			name = Release;
		};
/* End XCBuildConfiguration section */

/* Begin XCConfigurationList section */
		2E095B0B17AEBB1200ECE160 /* Build configuration list for PBXProject "FastImageCacheDemo" */ = {
			isa = XCConfigurationList;
			buildConfigurations = (
				2E095B3417AEBB1200ECE160 /* Debug */,
				2E095B3517AEBB1200ECE160 /* Release */,
			);
			defaultConfigurationIsVisible = 0;
			defaultConfigurationName = Release;
		};
		2E095B3617AEBB1200ECE160 /* Build configuration list for PBXNativeTarget "FastImageCacheDemo" */ = {
			isa = XCConfigurationList;
			buildConfigurations = (
				2E095B3717AEBB1200ECE160 /* Debug */,
				2E095B3817AEBB1200ECE160 /* Release */,
			);
			defaultConfigurationIsVisible = 0;
			defaultConfigurationName = Release;
		};
/* End XCConfigurationList section */
	};
	rootObject = 2E095B0817AEBB1200ECE160 /* Project object */;
}
